
Microsoft Visual Studio Solution File, Format Version 12.00
# Visual Studio Version 16
VisualStudioVersion = 16.0.31402.337
MinimumVisualStudioVersion = 10.0.40219.1
Project("{9A19103F-16F7-4668-BE54-9A1E7A4F7556}") = "ERPNA.AppFramework", "ERPNA.AppFramework\ERPNA.AppFramework.csproj", "{1941DD3D-3833-4475-A944-48ECDB0EEEA2}"
EndProject
Project("{9A19103F-16F7-4668-BE54-9A1E7A4F7556}") = "ERPNA.UITest", "ERPNA.UITest\ERPNA.UITest.csproj", "{61CDFD0C-ACF4-41CE-9641-211787438534}"
EndProject
Global
	GlobalSection(SolutionConfigurationPlatforms) = preSolution
		Debug|Any CPU = Debug|Any CPU
		PROD|Any CPU = PROD|Any CPU
		QA|Any CPU = QA|Any CPU
		Release|Any CPU = Release|Any CPU
	EndGlobalSection
	GlobalSection(ProjectConfigurationPlatforms) = postSolution
		{1941DD3D-3833-4475-A944-48ECDB0EEEA2}.Debug|Any CPU.ActiveCfg = Debug|Any CPU
		{1941DD3D-3833-4475-A944-48ECDB0EEEA2}.Debug|Any CPU.Build.0 = Debug|Any CPU
		{1941DD3D-3833-4475-A944-48ECDB0EEEA2}.PROD|Any CPU.ActiveCfg = PROD|Any CPU
		{1941DD3D-3833-4475-A944-48ECDB0EEEA2}.PROD|Any CPU.Build.0 = PROD|Any CPU
		{1941DD3D-3833-4475-A944-48ECDB0EEEA2}.QA|Any CPU.ActiveCfg = QA|Any CPU
		{1941DD3D-3833-4475-A944-48ECDB0EEEA2}.QA|Any CPU.Build.0 = QA|Any CPU
		{1941DD3D-3833-4475-A944-48ECDB0EEEA2}.Release|Any CPU.ActiveCfg = Release|Any CPU
		{1941DD3D-3833-4475-A944-48ECDB0EEEA2}.Release|Any CPU.Build.0 = Release|Any CPU
		{61CDFD0C-ACF4-41CE-9641-211787438534}.Debug|Any CPU.ActiveCfg = Debug|Any CPU
		{61CDFD0C-ACF4-41CE-9641-211787438534}.Debug|Any CPU.Build.0 = Debug|Any CPU
		{61CDFD0C-ACF4-41CE-9641-211787438534}.PROD|Any CPU.ActiveCfg = PROD|Any CPU
		{61CDFD0C-ACF4-41CE-9641-211787438534}.PROD|Any CPU.Build.0 = PROD|Any CPU
		{61CDFD0C-ACF4-41CE-9641-211787438534}.QA|Any CPU.ActiveCfg = QA|Any CPU
		{61CDFD0C-ACF4-41CE-9641-211787438534}.QA|Any CPU.Build.0 = QA|Any CPU
		{61CDFD0C-ACF4-41CE-9641-211787438534}.Release|Any CPU.ActiveCfg = Release|Any CPU
		{61CDFD0C-ACF4-41CE-9641-211787438534}.Release|Any CPU.Build.0 = Release|Any CPU
	EndGlobalSection
	GlobalSection(SolutionProperties) = preSolution
		HideSolutionNode = FALSE
	EndGlobalSection
	GlobalSection(ExtensibilityGlobals) = postSolution
		SolutionGuid = {2C5D7605-46D4-4714-A622-5D8FF3623A24}
	EndGlobalSection
EndGlobal
